
Microsoft Visual Studio Solution File, Format Version 12.00
# Visual Studio Version 17
VisualStudioVersion = 17.10.35004.147
MinimumVisualStudioVersion = 10.0.40219.1
Project("{FAE04EC0-301F-11D3-BF4B-00C04F79EFBC}") = "OOP_2", "OOP_2.csproj", "{921B5730-2009-420C-992A-E4B729839253}"
EndProject
Global
	GlobalSection(SolutionConfigurationPlatforms) = preSolution
		Debug|Any CPU = Debug|Any CPU
		Release|Any CPU = Release|Any CPU
	EndGlobalSection
	GlobalSection(ProjectConfigurationPlatforms) = postSolution
		{921B5730-2009-420C-992A-E4B729839253}.Debug|Any CPU.ActiveCfg = Debug|Any CPU
		{921B5730-2009-420C-992A-E4B729839253}.Debug|Any CPU.Build.0 = Debug|Any CPU
		{921B5730-2009-420C-992A-E4B729839253}.Release|Any CPU.ActiveCfg = Release|Any CPU
		{921B5730-2009-420C-992A-E4B729839253}.Release|Any CPU.Build.0 = Release|Any CPU
	EndGlobalSection
	GlobalSection(SolutionProperties) = preSolution
		HideSolutionNode = FALSE
	EndGlobalSection
	GlobalSection(ExtensibilityGlobals) = postSolution
		SolutionGuid = {2920DE1F-63BF-4D19-B70B-19D57C3F31A8}
	EndGlobalSection
EndGlobal
